// !$*UTF8*$!
{
	archiveVersion = 1;
	classes = {
	};
	objectVersion = 50;
	objects = {

/* Begin PBXBuildFile section */
		046F9D8224B571B300C861B3 /* GameViewModel.swift in Sources */ = {isa = PBXBuildFile; fileRef = 046F9D8124B571B300C861B3 /* GameViewModel.swift */; };
		04AA260224B5294C009126F5 /* AppDelegate.swift in Sources */ = {isa = PBXBuildFile; fileRef = 04AA260124B5294C009126F5 /* AppDelegate.swift */; };
		04AA260424B5294C009126F5 /* SceneDelegate.swift in Sources */ = {isa = PBXBuildFile; fileRef = 04AA260324B5294C009126F5 /* SceneDelegate.swift */; };
		04AA260624B5294C009126F5 /* GameViewController.swift in Sources */ = {isa = PBXBuildFile; fileRef = 04AA260524B5294C009126F5 /* GameViewController.swift */; };
		04AA260924B5294C009126F5 /* Main.storyboard in Resources */ = {isa = PBXBuildFile; fileRef = 04AA260724B5294C009126F5 /* Main.storyboard */; };
		04AA260B24B5294D009126F5 /* Assets.xcassets in Resources */ = {isa = PBXBuildFile; fileRef = 04AA260A24B5294D009126F5 /* Assets.xcassets */; };
		04AA260E24B5294D009126F5 /* LaunchScreen.storyboard in Resources */ = {isa = PBXBuildFile; fileRef = 04AA260C24B5294D009126F5 /* LaunchScreen.storyboard */; };
		04AA261624B52963009126F5 /* APIService.swift in Sources */ = {isa = PBXBuildFile; fileRef = 04AA261524B52963009126F5 /* APIService.swift */; };
		04AA261824B52C52009126F5 /* GameModel.swift in Sources */ = {isa = PBXBuildFile; fileRef = 04AA261724B52C52009126F5 /* GameModel.swift */; };
		04AA263F24B53EE8009126F5 /* GameTableViewCell.swift in Sources */ = {isa = PBXBuildFile; fileRef = 04AA263D24B53EE8009126F5 /* GameTableViewCell.swift */; };
		04AA264024B53EE8009126F5 /* GameTableViewCell.xib in Resources */ = {isa = PBXBuildFile; fileRef = 04AA263E24B53EE8009126F5 /* GameTableViewCell.xib */; };
		04DF967B24B5A7E700B78517 /* DetailViewController.swift in Sources */ = {isa = PBXBuildFile; fileRef = 04DF967924B5A7E700B78517 /* DetailViewController.swift */; };
		04DF967C24B5A7E700B78517 /* DetailViewController.xib in Resources */ = {isa = PBXBuildFile; fileRef = 04DF967A24B5A7E700B78517 /* DetailViewController.xib */; };
		04DF967E24B5C19F00B78517 /* ProfileViewController.swift in Sources */ = {isa = PBXBuildFile; fileRef = 04DF967D24B5C19F00B78517 /* ProfileViewController.swift */; };
/* End PBXBuildFile section */

/* Begin PBXFileReference section */
		046F9D8124B571B300C861B3 /* GameViewModel.swift */ = {isa = PBXFileReference; lastKnownFileType = sourcecode.swift; path = GameViewModel.swift; sourceTree = "<group>"; };
		04AA25FE24B5294C009126F5 /* Dolananku.app */ = {isa = PBXFileReference; explicitFileType = wrapper.application; includeInIndex = 0; path = Dolananku.app; sourceTree = BUILT_PRODUCTS_DIR; };
		04AA260124B5294C009126F5 /* AppDelegate.swift */ = {isa = PBXFileReference; lastKnownFileType = sourcecode.swift; path = AppDelegate.swift; sourceTree = "<group>"; };
		04AA260324B5294C009126F5 /* SceneDelegate.swift */ = {isa = PBXFileReference; lastKnownFileType = sourcecode.swift; path = SceneDelegate.swift; sourceTree = "<group>"; };
		04AA260524B5294C009126F5 /* GameViewController.swift */ = {isa = PBXFileReference; lastKnownFileType = sourcecode.swift; path = GameViewController.swift; sourceTree = "<group>"; };
		04AA260824B5294C009126F5 /* Base */ = {isa = PBXFileReference; lastKnownFileType = file.storyboard; name = Base; path = Base.lproj/Main.storyboard; sourceTree = "<group>"; };
		04AA260A24B5294D009126F5 /* Assets.xcassets */ = {isa = PBXFileReference; lastKnownFileType = folder.assetcatalog; path = Assets.xcassets; sourceTree = "<group>"; };
		04AA260D24B5294D009126F5 /* Base */ = {isa = PBXFileReference; lastKnownFileType = file.storyboard; name = Base; path = Base.lproj/LaunchScreen.storyboard; sourceTree = "<group>"; };
		04AA260F24B5294D009126F5 /* Info.plist */ = {isa = PBXFileReference; lastKnownFileType = text.plist.xml; path = Info.plist; sourceTree = "<group>"; };
		04AA261524B52963009126F5 /* APIService.swift */ = {isa = PBXFileReference; lastKnownFileType = sourcecode.swift; path = APIService.swift; sourceTree = "<group>"; };
		04AA261724B52C52009126F5 /* GameModel.swift */ = {isa = PBXFileReference; lastKnownFileType = sourcecode.swift; path = GameModel.swift; sourceTree = "<group>"; };
		04AA263D24B53EE8009126F5 /* GameTableViewCell.swift */ = {isa = PBXFileReference; lastKnownFileType = sourcecode.swift; path = GameTableViewCell.swift; sourceTree = "<group>"; };
		04AA263E24B53EE8009126F5 /* GameTableViewCell.xib */ = {isa = PBXFileReference; lastKnownFileType = file.xib; path = GameTableViewCell.xib; sourceTree = "<group>"; };
		04DF967924B5A7E700B78517 /* DetailViewController.swift */ = {isa = PBXFileReference; lastKnownFileType = sourcecode.swift; path = DetailViewController.swift; sourceTree = "<group>"; };
		04DF967A24B5A7E700B78517 /* DetailViewController.xib */ = {isa = PBXFileReference; lastKnownFileType = file.xib; path = DetailViewController.xib; sourceTree = "<group>"; };
		04DF967D24B5C19F00B78517 /* ProfileViewController.swift */ = {isa = PBXFileReference; lastKnownFileType = sourcecode.swift; path = ProfileViewController.swift; sourceTree = "<group>"; };
/* End PBXFileReference section */

/* Begin PBXFrameworksBuildPhase section */
		04AA25FB24B5294C009126F5 /* Frameworks */ = {
			isa = PBXFrameworksBuildPhase;
			buildActionMask = 2147483647;
			files = (
			);
			runOnlyForDeploymentPostprocessing = 0;
		};
/* End PBXFrameworksBuildPhase section */

/* Begin PBXGroup section */
		046F9D5824B543D000C861B3 /* Base */ = {
			isa = PBXGroup;
			children = (
				04AA260124B5294C009126F5 /* AppDelegate.swift */,
				04AA260324B5294C009126F5 /* SceneDelegate.swift */,
			);
			path = Base;
			sourceTree = "<group>";
		};
		046F9D5924B543DD00C861B3 /* Model */ = {
			isa = PBXGroup;
			children = (
				04AA261724B52C52009126F5 /* GameModel.swift */,
				046F9D8124B571B300C861B3 /* GameViewModel.swift */,
			);
			path = Model;
			sourceTree = "<group>";
		};
		046F9D5A24B543E900C861B3 /* Controller */ = {
			isa = PBXGroup;
			children = (
				04AA260524B5294C009126F5 /* GameViewController.swift */,
				04AA263D24B53EE8009126F5 /* GameTableViewCell.swift */,
				04DF967924B5A7E700B78517 /* DetailViewController.swift */,
				04DF967D24B5C19F00B78517 /* ProfileViewController.swift */,
			);
			path = Controller;
			sourceTree = "<group>";
		};
		046F9D5B24B5440B00C861B3 /* View */ = {
			isa = PBXGroup;
			children = (
				04AA260724B5294C009126F5 /* Main.storyboard */,
				04AA263E24B53EE8009126F5 /* GameTableViewCell.xib */,
				04DF967A24B5A7E700B78517 /* DetailViewController.xib */,
				04AA260C24B5294D009126F5 /* LaunchScreen.storyboard */,
			);
			path = View;
			sourceTree = "<group>";
		};
		046F9D5C24B5443100C861B3 /* Service */ = {
			isa = PBXGroup;
			children = (
				04AA261524B52963009126F5 /* APIService.swift */,
			);
			path = Service;
			sourceTree = "<group>";
		};
		04AA25F524B5294C009126F5 = {
			isa = PBXGroup;
			children = (
				04AA260024B5294C009126F5 /* GameAPI */,
				04AA25FF24B5294C009126F5 /* Products */,
			);
			sourceTree = "<group>";
		};
		04AA25FF24B5294C009126F5 /* Products */ = {
			isa = PBXGroup;
			children = (
				04AA25FE24B5294C009126F5 /* Dolananku.app */,
			);
			name = Products;
			sourceTree = "<group>";
		};
		04AA260024B5294C009126F5 /* GameAPI */ = {
			isa = PBXGroup;
			children = (
				046F9D5C24B5443100C861B3 /* Service */,
				046F9D5824B543D000C861B3 /* Base */,
				046F9D5924B543DD00C861B3 /* Model */,
				046F9D5A24B543E900C861B3 /* Controller */,
				046F9D5B24B5440B00C861B3 /* View */,
				04AA260A24B5294D009126F5 /* Assets.xcassets */,
				04AA260F24B5294D009126F5 /* Info.plist */,
			);
			path = GameAPI;
			sourceTree = "<group>";
		};
/* End PBXGroup section */

/* Begin PBXNativeTarget section */
		04AA25FD24B5294C009126F5 /* GameAPI */ = {
			isa = PBXNativeTarget;
			buildConfigurationList = 04AA261224B5294D009126F5 /* Build configuration list for PBXNativeTarget "GameAPI" */;
			buildPhases = (
				04AA25FA24B5294C009126F5 /* Sources */,
				04AA25FB24B5294C009126F5 /* Frameworks */,
				04AA25FC24B5294C009126F5 /* Resources */,
			);
			buildRules = (
			);
			dependencies = (
			);
			name = GameAPI;
			productName = GameAPI;
			productReference = 04AA25FE24B5294C009126F5 /* Dolananku.app */;
			productType = "com.apple.product-type.application";
		};
/* End PBXNativeTarget section */

/* Begin PBXProject section */
		04AA25F624B5294C009126F5 /* Project object */ = {
			isa = PBXProject;
			attributes = {
				LastSwiftUpdateCheck = 1150;
				LastUpgradeCheck = 1150;
				ORGANIZATIONNAME = "Tonsu Group";
				TargetAttributes = {
					04AA25FD24B5294C009126F5 = {
						CreatedOnToolsVersion = 11.5;
					};
				};
			};
			buildConfigurationList = 04AA25F924B5294C009126F5 /* Build configuration list for PBXProject "GameAPI" */;
			compatibilityVersion = "Xcode 9.3";
			developmentRegion = en;
			hasScannedForEncodings = 0;
			knownRegions = (
				en,
				Base,
			);
			mainGroup = 04AA25F524B5294C009126F5;
			productRefGroup = 04AA25FF24B5294C009126F5 /* Products */;
			projectDirPath = "";
			projectRoot = "";
			targets = (
				04AA25FD24B5294C009126F5 /* GameAPI */,
			);
		};
/* End PBXProject section */

/* Begin PBXResourcesBuildPhase section */
		04AA25FC24B5294C009126F5 /* Resources */ = {
			isa = PBXResourcesBuildPhase;
			buildActionMask = 2147483647;
			files = (
				04AA260E24B5294D009126F5 /* LaunchScreen.storyboard in Resources */,
				04AA260B24B5294D009126F5 /* Assets.xcassets in Resources */,
				04DF967C24B5A7E700B78517 /* DetailViewController.xib in Resources */,
				04AA260924B5294C009126F5 /* Main.storyboard in Resources */,
				04AA264024B53EE8009126F5 /* GameTableViewCell.xib in Resources */,
			);
			runOnlyForDeploymentPostprocessing = 0;
		};
/* End PBXResourcesBuildPhase section */

/* Begin PBXSourcesBuildPhase section */
		04AA25FA24B5294C009126F5 /* Sources */ = {
			isa = PBXSourcesBuildPhase;
			buildActionMask = 2147483647;
			files = (
				04AA261824B52C52009126F5 /* GameModel.swift in Sources */,
				04AA260624B5294C009126F5 /* GameViewController.swift in Sources */,
				04AA261624B52963009126F5 /* APIService.swift in Sources */,
				04AA260224B5294C009126F5 /* AppDelegate.swift in Sources */,
				04AA260424B5294C009126F5 /* SceneDelegate.swift in Sources */,
				04AA263F24B53EE8009126F5 /* GameTableViewCell.swift in Sources */,
				04DF967E24B5C19F00B78517 /* ProfileViewController.swift in Sources */,
				046F9D8224B571B300C861B3 /* GameViewModel.swift in Sources */,
				04DF967B24B5A7E700B78517 /* DetailViewController.swift in Sources */,
			);
			runOnlyForDeploymentPostprocessing = 0;
		};
/* End PBXSourcesBuildPhase section */

/* Begin PBXVariantGroup section */
		04AA260724B5294C009126F5 /* Main.storyboard */ = {
			isa = PBXVariantGroup;
			children = (
				04AA260824B5294C009126F5 /* Base */,
			);
			name = Main.storyboard;
			sourceTree = "<group>";
		};
		04AA260C24B5294D009126F5 /* LaunchScreen.storyboard */ = {
			isa = PBXVariantGroup;
			children = (
				04AA260D24B5294D009126F5 /* Base */,
			);
			name = LaunchScreen.storyboard;
			sourceTree = "<group>";
		};
/* End PBXVariantGroup section */

/* Begin XCBuildConfiguration section */
		04AA261024B5294D009126F5 /* Debug */ = {
			isa = XCBuildConfiguration;
			buildSettings = {
				ALWAYS_SEARCH_USER_PATHS = NO;
				CLANG_ANALYZER_NONNULL = YES;
				CLANG_ANALYZER_NUMBER_OBJECT_CONVERSION = YES_AGGRESSIVE;
				CLANG_CXX_LANGUAGE_STANDARD = "gnu++14";
				CLANG_CXX_LIBRARY = "libc++";
				CLANG_ENABLE_MODULES = YES;
				CLANG_ENABLE_OBJC_ARC = YES;
				CLANG_ENABLE_OBJC_WEAK = YES;
				CLANG_WARN_BLOCK_CAPTURE_AUTORELEASING = YES;
				CLANG_WARN_BOOL_CONVERSION = YES;
				CLANG_WARN_COMMA = YES;
				CLANG_WARN_CONSTANT_CONVERSION = YES;
				CLANG_WARN_DEPRECATED_OBJC_IMPLEMENTATIONS = YES;
				CLANG_WARN_DIRECT_OBJC_ISA_USAGE = YES_ERROR;
				CLANG_WARN_DOCUMENTATION_COMMENTS = YES;
				CLANG_WARN_EMPTY_BODY = YES;
				CLANG_WARN_ENUM_CONVERSION = YES;
				CLANG_WARN_INFINITE_RECURSION = YES;
				CLANG_WARN_INT_CONVERSION = YES;
				CLANG_WARN_NON_LITERAL_NULL_CONVERSION = YES;
				CLANG_WARN_OBJC_IMPLICIT_RETAIN_SELF = YES;
				CLANG_WARN_OBJC_LITERAL_CONVERSION = YES;
				CLANG_WARN_OBJC_ROOT_CLASS = YES_ERROR;
				CLANG_WARN_RANGE_LOOP_ANALYSIS = YES;
				CLANG_WARN_STRICT_PROTOTYPES = YES;
				CLANG_WARN_SUSPICIOUS_MOVE = YES;
				CLANG_WARN_UNGUARDED_AVAILABILITY = YES_AGGRESSIVE;
				CLANG_WARN_UNREACHABLE_CODE = YES;
				CLANG_WARN__DUPLICATE_METHOD_MATCH = YES;
				COPY_PHASE_STRIP = NO;
				DEBUG_INFORMATION_FORMAT = dwarf;
				ENABLE_STRICT_OBJC_MSGSEND = YES;
				ENABLE_TESTABILITY = YES;
				GCC_C_LANGUAGE_STANDARD = gnu11;
				GCC_DYNAMIC_NO_PIC = NO;
				GCC_NO_COMMON_BLOCKS = YES;
				GCC_OPTIMIZATION_LEVEL = 0;
				GCC_PREPROCESSOR_DEFINITIONS = (
					"DEBUG=1",
					"$(inherited)",
				);
				GCC_WARN_64_TO_32_BIT_CONVERSION = YES;
				GCC_WARN_ABOUT_RETURN_TYPE = YES_ERROR;
				GCC_WARN_UNDECLARED_SELECTOR = YES;
				GCC_WARN_UNINITIALIZED_AUTOS = YES_AGGRESSIVE;
				GCC_WARN_UNUSED_FUNCTION = YES;
				GCC_WARN_UNUSED_VARIABLE = YES;
				IPHONEOS_DEPLOYMENT_TARGET = 13.5;
				MTL_ENABLE_DEBUG_INFO = INCLUDE_SOURCE;
				MTL_FAST_MATH = YES;
				ONLY_ACTIVE_ARCH = YES;
				SDKROOT = iphoneos;
				SWIFT_ACTIVE_COMPILATION_CONDITIONS = DEBUG;
				SWIFT_OPTIMIZATION_LEVEL = "-Onone";
			};
			name = Debug;
		};
		04AA261124B5294D009126F5 /* Release */ = {
			isa = XCBuildConfiguration;
			buildSettings = {
				ALWAYS_SEARCH_USER_PATHS = NO;
				CLANG_ANALYZER_NONNULL = YES;
				CLANG_ANALYZER_NUMBER_OBJECT_CONVERSION = YES_AGGRESSIVE;
				CLANG_CXX_LANGUAGE_STANDARD = "gnu++14";
				CLANG_CXX_LIBRARY = "libc++";
				CLANG_ENABLE_MODULES = YES;
				CLANG_ENABLE_OBJC_ARC = YES;
				CLANG_ENABLE_OBJC_WEAK = YES;
				CLANG_WARN_BLOCK_CAPTURE_AUTORELEASING = YES;
				CLANG_WARN_BOOL_CONVERSION = YES;
				CLANG_WARN_COMMA = YES;
				CLANG_WARN_CONSTANT_CONVERSION = YES;
				CLANG_WARN_DEPRECATED_OBJC_IMPLEMENTATIONS = YES;
				CLANG_WARN_DIRECT_OBJC_ISA_USAGE = YES_ERROR;
				CLANG_WARN_DOCUMENTATION_COMMENTS = YES;
				CLANG_WARN_EMPTY_BODY = YES;
				CLANG_WARN_ENUM_CONVERSION = YES;
				CLANG_WARN_INFINITE_RECURSION = YES;
				CLANG_WARN_INT_CONVERSION = YES;
				CLANG_WARN_NON_LITERAL_NULL_CONVERSION = YES;
				CLANG_WARN_OBJC_IMPLICIT_RETAIN_SELF = YES;
				CLANG_WARN_OBJC_LITERAL_CONVERSION = YES;
				CLANG_WARN_OBJC_ROOT_CLASS = YES_ERROR;
				CLANG_WARN_RANGE_LOOP_ANALYSIS = YES;
				CLANG_WARN_STRICT_PROTOTYPES = YES;
				CLANG_WARN_SUSPICIOUS_MOVE = YES;
				CLANG_WARN_UNGUARDED_AVAILABILITY = YES_AGGRESSIVE;
				CLANG_WARN_UNREACHABLE_CODE = YES;
				CLANG_WARN__DUPLICATE_METHOD_MATCH = YES;
				COPY_PHASE_STRIP = NO;
				DEBUG_INFORMATION_FORMAT = "dwarf-with-dsym";
				ENABLE_NS_ASSERTIONS = NO;
				ENABLE_STRICT_OBJC_MSGSEND = YES;
				GCC_C_LANGUAGE_STANDARD = gnu11;
				GCC_NO_COMMON_BLOCKS = YES;
				GCC_WARN_64_TO_32_BIT_CONVERSION = YES;
				GCC_WARN_ABOUT_RETURN_TYPE = YES_ERROR;
				GCC_WARN_UNDECLARED_SELECTOR = YES;
				GCC_WARN_UNINITIALIZED_AUTOS = YES_AGGRESSIVE;
				GCC_WARN_UNUSED_FUNCTION = YES;
				GCC_WARN_UNUSED_VARIABLE = YES;
				IPHONEOS_DEPLOYMENT_TARGET = 13.5;
				MTL_ENABLE_DEBUG_INFO = NO;
				MTL_FAST_MATH = YES;
				SDKROOT = iphoneos;
				SWIFT_COMPILATION_MODE = wholemodule;
				SWIFT_OPTIMIZATION_LEVEL = "-O";
				VALIDATE_PRODUCT = YES;
			};
			name = Release;
		};
		04AA261324B5294D009126F5 /* Debug */ = {
			isa = XCBuildConfiguration;
			buildSettings = {
				ASSETCATALOG_COMPILER_APPICON_NAME = AppIcon;
				CODE_SIGN_IDENTITY = "Apple Development";
				CODE_SIGN_STYLE = Automatic;
				DEVELOPMENT_TEAM = 8U6ALSG23S;
				INFOPLIST_FILE = GameAPI/Info.plist;
				LD_RUNPATH_SEARCH_PATHS = (
					"$(inherited)",
					"@executable_path/Frameworks",
				);
				PRODUCT_BUNDLE_IDENTIFIER = space.tonsu.Dolananku;
				PRODUCT_NAME = Dolananku;
				PROVISIONING_PROFILE_SPECIFIER = "";
				SWIFT_VERSION = 5.0;
				TARGETED_DEVICE_FAMILY = "1,2";
			};
			name = Debug;
		};
		04AA261424B5294D009126F5 /* Release */ = {
			isa = XCBuildConfiguration;
			buildSettings = {
				ASSETCATALOG_COMPILER_APPICON_NAME = AppIcon;
				CODE_SIGN_IDENTITY = "Apple Development";
				CODE_SIGN_STYLE = Automatic;
				DEVELOPMENT_TEAM = 8U6ALSG23S;
				INFOPLIST_FILE = GameAPI/Info.plist;
				LD_RUNPATH_SEARCH_PATHS = (
					"$(inherited)",
					"@executable_path/Frameworks",
				);
				PRODUCT_BUNDLE_IDENTIFIER = space.tonsu.Dolananku;
				PRODUCT_NAME = Dolananku;
				PROVISIONING_PROFILE_SPECIFIER = "";
				SWIFT_VERSION = 5.0;
				TARGETED_DEVICE_FAMILY = "1,2";
			};
			name = Release;
		};
/* End XCBuildConfiguration section */

/* Begin XCConfigurationList section */
		04AA25F924B5294C009126F5 /* Build configuration list for PBXProject "GameAPI" */ = {
			isa = XCConfigurationList;
			buildConfigurations = (
				04AA261024B5294D009126F5 /* Debug */,
				04AA261124B5294D009126F5 /* Release */,
			);
			defaultConfigurationIsVisible = 0;
			defaultConfigurationName = Release;
		};
		04AA261224B5294D009126F5 /* Build configuration list for PBXNativeTarget "GameAPI" */ = {
			isa = XCConfigurationList;
			buildConfigurations = (
				04AA261324B5294D009126F5 /* Debug */,
				04AA261424B5294D009126F5 /* Release */,
			);
			defaultConfigurationIsVisible = 0;
			defaultConfigurationName = Release;
		};
/* End XCConfigurationList section */
	};
	rootObject = 04AA25F624B5294C009126F5 /* Project object */;
}
